
Microsoft Visual Studio Solution File, Format Version 12.00
# Visual Studio 15
VisualStudioVersion = 15.0.27130.2036
MinimumVisualStudioVersion = 10.0.40219.1
Project("{FAE04EC0-301F-11D3-BF4B-00C04F79EFBC}") = "ReadKeyvault", "ReadKeyvault\ReadKeyvault.csproj", "{B884E219-91B2-49FA-B9F8-43669F463C2D}"
EndProject
Global
	GlobalSection(SolutionConfigurationPlatforms) = preSolution
		Debug|Any CPU = Debug|Any CPU
		Release|Any CPU = Release|Any CPU
	EndGlobalSection
	GlobalSection(ProjectConfigurationPlatforms) = postSolution
		{B884E219-91B2-49FA-B9F8-43669F463C2D}.Debug|Any CPU.ActiveCfg = Debug|Any CPU
		{B884E219-91B2-49FA-B9F8-43669F463C2D}.Debug|Any CPU.Build.0 = Debug|Any CPU
		{B884E219-91B2-49FA-B9F8-43669F463C2D}.Release|Any CPU.ActiveCfg = Release|Any CPU
		{B884E219-91B2-49FA-B9F8-43669F463C2D}.Release|Any CPU.Build.0 = Release|Any CPU
	EndGlobalSection
	GlobalSection(SolutionProperties) = preSolution
		HideSolutionNode = FALSE
	EndGlobalSection
	GlobalSection(ExtensibilityGlobals) = postSolution
		SolutionGuid = {5D4BB168-5D70-4B83-BDA5-DB69B0FD879C}
	EndGlobalSection
EndGlobal
